
Microsoft Visual Studio Solution File, Format Version 12.00
# Visual Studio 15
VisualStudioVersion = 15.0.28010.2046
MinimumVisualStudioVersion = 10.0.40219.1
Project("{9A19103F-16F7-4668-BE54-9A1E7A4F7556}") = "SpbDotNet_Nuget_Error", "SpbDotNet_Nuget_Error\SpbDotNet_Nuget_Error.csproj", "{72FB8B2E-C90F-44BE-BD44-B2C452FEA9F2}"
EndProject
Project("{9A19103F-16F7-4668-BE54-9A1E7A4F7556}") = "SpbDotNet_Nuget", "SpbDotNet_Nuget\SpbDotNet_Nuget.csproj", "{4A5CB97D-B1DC-4A19-ACBA-D57667B4AEB1}"
EndProject
Global
	GlobalSection(SolutionConfigurationPlatforms) = preSolution
		Debug|Any CPU = Debug|Any CPU
		Release|Any CPU = Release|Any CPU
	EndGlobalSection
	GlobalSection(ProjectConfigurationPlatforms) = postSolution
		{72FB8B2E-C90F-44BE-BD44-B2C452FEA9F2}.Debug|Any CPU.ActiveCfg = Debug|Any CPU
		{72FB8B2E-C90F-44BE-BD44-B2C452FEA9F2}.Debug|Any CPU.Build.0 = Debug|Any CPU
		{72FB8B2E-C90F-44BE-BD44-B2C452FEA9F2}.Release|Any CPU.ActiveCfg = Release|Any CPU
		{72FB8B2E-C90F-44BE-BD44-B2C452FEA9F2}.Release|Any CPU.Build.0 = Release|Any CPU
		{4A5CB97D-B1DC-4A19-ACBA-D57667B4AEB1}.Debug|Any CPU.ActiveCfg = Debug|Any CPU
		{4A5CB97D-B1DC-4A19-ACBA-D57667B4AEB1}.Debug|Any CPU.Build.0 = Debug|Any CPU
		{4A5CB97D-B1DC-4A19-ACBA-D57667B4AEB1}.Release|Any CPU.ActiveCfg = Release|Any CPU
		{4A5CB97D-B1DC-4A19-ACBA-D57667B4AEB1}.Release|Any CPU.Build.0 = Release|Any CPU
	EndGlobalSection
	GlobalSection(SolutionProperties) = preSolution
		HideSolutionNode = FALSE
	EndGlobalSection
	GlobalSection(ExtensibilityGlobals) = postSolution
		SolutionGuid = {FBFC4C7E-4888-4044-BFC8-2E3E91FE5127}
	EndGlobalSection
EndGlobal
